
Microsoft Visual Studio Solution File, Format Version 12.00
Project("{FAE04EC0-301F-11D3-BF4B-00C04F79EFBC}") = "SearchForYouWebApi", "SearchForYouWebApi\SearchForYouWebApi.csproj", "{1A04C3AC-961A-4511-8BA8-4D7EB72E06D2}"
EndProject
Global
	GlobalSection(SolutionConfigurationPlatforms) = preSolution
		Debug|Any CPU = Debug|Any CPU
		Release|Any CPU = Release|Any CPU
	EndGlobalSection
	GlobalSection(ProjectConfigurationPlatforms) = postSolution
		{1A04C3AC-961A-4511-8BA8-4D7EB72E06D2}.Debug|Any CPU.ActiveCfg = Debug|Any CPU
		{1A04C3AC-961A-4511-8BA8-4D7EB72E06D2}.Debug|Any CPU.Build.0 = Debug|Any CPU
		{1A04C3AC-961A-4511-8BA8-4D7EB72E06D2}.Release|Any CPU.ActiveCfg = Release|Any CPU
		{1A04C3AC-961A-4511-8BA8-4D7EB72E06D2}.Release|Any CPU.Build.0 = Release|Any CPU
	EndGlobalSection
EndGlobal
